// !$*UTF8*$!
{
	archiveVersion = 1;
	classes = {
	};
	objectVersion = 50;
	objects = {

/* Begin PBXBuildFile section */
		82F6AB4D211A3DC200C55C3C /* AppDelegate.swift in Sources */ = {isa = PBXBuildFile; fileRef = 82F6AB4C211A3DC200C55C3C /* AppDelegate.swift */; };
		82F6AB4F211A3DC200C55C3C /* ViewController.swift in Sources */ = {isa = PBXBuildFile; fileRef = 82F6AB4E211A3DC200C55C3C /* ViewController.swift */; };
		82F6AB52211A3DC200C55C3C /* Main.storyboard in Resources */ = {isa = PBXBuildFile; fileRef = 82F6AB50211A3DC200C55C3C /* Main.storyboard */; };
		82F6AB54211A3DC300C55C3C /* Assets.xcassets in Resources */ = {isa = PBXBuildFile; fileRef = 82F6AB53211A3DC300C55C3C /* Assets.xcassets */; };
		82F6AB57211A3DC300C55C3C /* LaunchScreen.storyboard in Resources */ = {isa = PBXBuildFile; fileRef = 82F6AB55211A3DC300C55C3C /* LaunchScreen.storyboard */; };
		82F6AB62211A3DC300C55C3C /* DeutscheVerbeniOSTests.swift in Sources */ = {isa = PBXBuildFile; fileRef = 82F6AB61211A3DC300C55C3C /* DeutscheVerbeniOSTests.swift */; };
		82F6AB6D211A3DC300C55C3C /* DeutscheVerbeniOSUITests.swift in Sources */ = {isa = PBXBuildFile; fileRef = 82F6AB6C211A3DC300C55C3C /* DeutscheVerbeniOSUITests.swift */; };
/* End PBXBuildFile section */

/* Begin PBXContainerItemProxy section */
		82F6AB5E211A3DC300C55C3C /* PBXContainerItemProxy */ = {
			isa = PBXContainerItemProxy;
			containerPortal = 82F6AB41211A3DC200C55C3C /* Project object */;
			proxyType = 1;
			remoteGlobalIDString = 82F6AB48211A3DC200C55C3C;
			remoteInfo = DeutscheVerbeniOS;
		};
		82F6AB69211A3DC300C55C3C /* PBXContainerItemProxy */ = {
			isa = PBXContainerItemProxy;
			containerPortal = 82F6AB41211A3DC200C55C3C /* Project object */;
			proxyType = 1;
			remoteGlobalIDString = 82F6AB48211A3DC200C55C3C;
			remoteInfo = DeutscheVerbeniOS;
		};
/* End PBXContainerItemProxy section */

/* Begin PBXFileReference section */
		82F6AB49211A3DC200C55C3C /* DeutscheVerbeniOS.app */ = {isa = PBXFileReference; explicitFileType = wrapper.application; includeInIndex = 0; path = DeutscheVerbeniOS.app; sourceTree = BUILT_PRODUCTS_DIR; };
		82F6AB4C211A3DC200C55C3C /* AppDelegate.swift */ = {isa = PBXFileReference; lastKnownFileType = sourcecode.swift; path = AppDelegate.swift; sourceTree = "<group>"; };
		82F6AB4E211A3DC200C55C3C /* ViewController.swift */ = {isa = PBXFileReference; lastKnownFileType = sourcecode.swift; path = ViewController.swift; sourceTree = "<group>"; };
		82F6AB51211A3DC200C55C3C /* Base */ = {isa = PBXFileReference; lastKnownFileType = file.storyboard; name = Base; path = Base.lproj/Main.storyboard; sourceTree = "<group>"; };
		82F6AB53211A3DC300C55C3C /* Assets.xcassets */ = {isa = PBXFileReference; lastKnownFileType = folder.assetcatalog; path = Assets.xcassets; sourceTree = "<group>"; };
		82F6AB56211A3DC300C55C3C /* Base */ = {isa = PBXFileReference; lastKnownFileType = file.storyboard; name = Base; path = Base.lproj/LaunchScreen.storyboard; sourceTree = "<group>"; };
		82F6AB58211A3DC300C55C3C /* Info.plist */ = {isa = PBXFileReference; lastKnownFileType = text.plist.xml; path = Info.plist; sourceTree = "<group>"; };
		82F6AB5D211A3DC300C55C3C /* DeutscheVerbeniOSTests.xctest */ = {isa = PBXFileReference; explicitFileType = wrapper.cfbundle; includeInIndex = 0; path = DeutscheVerbeniOSTests.xctest; sourceTree = BUILT_PRODUCTS_DIR; };
		82F6AB61211A3DC300C55C3C /* DeutscheVerbeniOSTests.swift */ = {isa = PBXFileReference; lastKnownFileType = sourcecode.swift; path = DeutscheVerbeniOSTests.swift; sourceTree = "<group>"; };
		82F6AB63211A3DC300C55C3C /* Info.plist */ = {isa = PBXFileReference; lastKnownFileType = text.plist.xml; path = Info.plist; sourceTree = "<group>"; };
		82F6AB68211A3DC300C55C3C /* DeutscheVerbeniOSUITests.xctest */ = {isa = PBXFileReference; explicitFileType = wrapper.cfbundle; includeInIndex = 0; path = DeutscheVerbeniOSUITests.xctest; sourceTree = BUILT_PRODUCTS_DIR; };
		82F6AB6C211A3DC300C55C3C /* DeutscheVerbeniOSUITests.swift */ = {isa = PBXFileReference; lastKnownFileType = sourcecode.swift; path = DeutscheVerbeniOSUITests.swift; sourceTree = "<group>"; };
		82F6AB6E211A3DC300C55C3C /* Info.plist */ = {isa = PBXFileReference; lastKnownFileType = text.plist.xml; path = Info.plist; sourceTree = "<group>"; };
/* End PBXFileReference section */

/* Begin PBXFrameworksBuildPhase section */
		82F6AB46211A3DC200C55C3C /* Frameworks */ = {
			isa = PBXFrameworksBuildPhase;
			buildActionMask = 2147483647;
			files = (
			);
			runOnlyForDeploymentPostprocessing = 0;
		};
		82F6AB5A211A3DC300C55C3C /* Frameworks */ = {
			isa = PBXFrameworksBuildPhase;
			buildActionMask = 2147483647;
			files = (
			);
			runOnlyForDeploymentPostprocessing = 0;
		};
		82F6AB65211A3DC300C55C3C /* Frameworks */ = {
			isa = PBXFrameworksBuildPhase;
			buildActionMask = 2147483647;
			files = (
			);
			runOnlyForDeploymentPostprocessing = 0;
		};
/* End PBXFrameworksBuildPhase section */

/* Begin PBXGroup section */
		82F6AB40211A3DC200C55C3C = {
			isa = PBXGroup;
			children = (
				82F6AB4B211A3DC200C55C3C /* DeutscheVerbeniOS */,
				82F6AB60211A3DC300C55C3C /* DeutscheVerbeniOSTests */,
				82F6AB6B211A3DC300C55C3C /* DeutscheVerbeniOSUITests */,
				82F6AB4A211A3DC200C55C3C /* Products */,
			);
			sourceTree = "<group>";
		};
		82F6AB4A211A3DC200C55C3C /* Products */ = {
			isa = PBXGroup;
			children = (
				82F6AB49211A3DC200C55C3C /* DeutscheVerbeniOS.app */,
				82F6AB5D211A3DC300C55C3C /* DeutscheVerbeniOSTests.xctest */,
				82F6AB68211A3DC300C55C3C /* DeutscheVerbeniOSUITests.xctest */,
			);
			name = Products;
			sourceTree = "<group>";
		};
		82F6AB4B211A3DC200C55C3C /* DeutscheVerbeniOS */ = {
			isa = PBXGroup;
			children = (
				82F6AB4C211A3DC200C55C3C /* AppDelegate.swift */,
				82F6AB4E211A3DC200C55C3C /* ViewController.swift */,
				82F6AB50211A3DC200C55C3C /* Main.storyboard */,
				82F6AB53211A3DC300C55C3C /* Assets.xcassets */,
				82F6AB55211A3DC300C55C3C /* LaunchScreen.storyboard */,
				82F6AB58211A3DC300C55C3C /* Info.plist */,
			);
			path = DeutscheVerbeniOS;
			sourceTree = "<group>";
		};
		82F6AB60211A3DC300C55C3C /* DeutscheVerbeniOSTests */ = {
			isa = PBXGroup;
			children = (
				82F6AB61211A3DC300C55C3C /* DeutscheVerbeniOSTests.swift */,
				82F6AB63211A3DC300C55C3C /* Info.plist */,
			);
			path = DeutscheVerbeniOSTests;
			sourceTree = "<group>";
		};
		82F6AB6B211A3DC300C55C3C /* DeutscheVerbeniOSUITests */ = {
			isa = PBXGroup;
			children = (
				82F6AB6C211A3DC300C55C3C /* DeutscheVerbeniOSUITests.swift */,
				82F6AB6E211A3DC300C55C3C /* Info.plist */,
			);
			path = DeutscheVerbeniOSUITests;
			sourceTree = "<group>";
		};
/* End PBXGroup section */

/* Begin PBXNativeTarget section */
		82F6AB48211A3DC200C55C3C /* DeutscheVerbeniOS */ = {
			isa = PBXNativeTarget;
			buildConfigurationList = 82F6AB71211A3DC300C55C3C /* Build configuration list for PBXNativeTarget "DeutscheVerbeniOS" */;
			buildPhases = (
				82F6AB45211A3DC200C55C3C /* Sources */,
				82F6AB46211A3DC200C55C3C /* Frameworks */,
				82F6AB47211A3DC200C55C3C /* Resources */,
			);
			buildRules = (
			);
			dependencies = (
			);
			name = DeutscheVerbeniOS;
			productName = DeutscheVerbeniOS;
			productReference = 82F6AB49211A3DC200C55C3C /* DeutscheVerbeniOS.app */;
			productType = "com.apple.product-type.application";
		};
		82F6AB5C211A3DC300C55C3C /* DeutscheVerbeniOSTests */ = {
			isa = PBXNativeTarget;
			buildConfigurationList = 82F6AB74211A3DC300C55C3C /* Build configuration list for PBXNativeTarget "DeutscheVerbeniOSTests" */;
			buildPhases = (
				82F6AB59211A3DC300C55C3C /* Sources */,
				82F6AB5A211A3DC300C55C3C /* Frameworks */,
				82F6AB5B211A3DC300C55C3C /* Resources */,
			);
			buildRules = (
			);
			dependencies = (
				82F6AB5F211A3DC300C55C3C /* PBXTargetDependency */,
			);
			name = DeutscheVerbeniOSTests;
			productName = DeutscheVerbeniOSTests;
			productReference = 82F6AB5D211A3DC300C55C3C /* DeutscheVerbeniOSTests.xctest */;
			productType = "com.apple.product-type.bundle.unit-test";
		};
		82F6AB67211A3DC300C55C3C /* DeutscheVerbeniOSUITests */ = {
			isa = PBXNativeTarget;
			buildConfigurationList = 82F6AB77211A3DC300C55C3C /* Build configuration list for PBXNativeTarget "DeutscheVerbeniOSUITests" */;
			buildPhases = (
				82F6AB64211A3DC300C55C3C /* Sources */,
				82F6AB65211A3DC300C55C3C /* Frameworks */,
				82F6AB66211A3DC300C55C3C /* Resources */,
			);
			buildRules = (
			);
			dependencies = (
				82F6AB6A211A3DC300C55C3C /* PBXTargetDependency */,
			);
			name = DeutscheVerbeniOSUITests;
			productName = DeutscheVerbeniOSUITests;
			productReference = 82F6AB68211A3DC300C55C3C /* DeutscheVerbeniOSUITests.xctest */;
			productType = "com.apple.product-type.bundle.ui-testing";
		};
/* End PBXNativeTarget section */

/* Begin PBXProject section */
		82F6AB41211A3DC200C55C3C /* Project object */ = {
			isa = PBXProject;
			attributes = {
				LastSwiftUpdateCheck = 0940;
				LastUpgradeCheck = 0940;
				ORGANIZATIONNAME = xengar;
				TargetAttributes = {
					82F6AB48211A3DC200C55C3C = {
						CreatedOnToolsVersion = 9.4.1;
					};
					82F6AB5C211A3DC300C55C3C = {
						CreatedOnToolsVersion = 9.4.1;
						TestTargetID = 82F6AB48211A3DC200C55C3C;
					};
					82F6AB67211A3DC300C55C3C = {
						CreatedOnToolsVersion = 9.4.1;
						TestTargetID = 82F6AB48211A3DC200C55C3C;
					};
				};
			};
			buildConfigurationList = 82F6AB44211A3DC200C55C3C /* Build configuration list for PBXProject "DeutscheVerbeniOS" */;
			compatibilityVersion = "Xcode 9.3";
			developmentRegion = en;
			hasScannedForEncodings = 0;
			knownRegions = (
				en,
				Base,
			);
			mainGroup = 82F6AB40211A3DC200C55C3C;
			productRefGroup = 82F6AB4A211A3DC200C55C3C /* Products */;
			projectDirPath = "";
			projectRoot = "";
			targets = (
				82F6AB48211A3DC200C55C3C /* DeutscheVerbeniOS */,
				82F6AB5C211A3DC300C55C3C /* DeutscheVerbeniOSTests */,
				82F6AB67211A3DC300C55C3C /* DeutscheVerbeniOSUITests */,
			);
		};
/* End PBXProject section */

/* Begin PBXResourcesBuildPhase section */
		82F6AB47211A3DC200C55C3C /* Resources */ = {
			isa = PBXResourcesBuildPhase;
			buildActionMask = 2147483647;
			files = (
				82F6AB57211A3DC300C55C3C /* LaunchScreen.storyboard in Resources */,
				82F6AB54211A3DC300C55C3C /* Assets.xcassets in Resources */,
				82F6AB52211A3DC200C55C3C /* Main.storyboard in Resources */,
			);
			runOnlyForDeploymentPostprocessing = 0;
		};
		82F6AB5B211A3DC300C55C3C /* Resources */ = {
			isa = PBXResourcesBuildPhase;
			buildActionMask = 2147483647;
			files = (
			);
			runOnlyForDeploymentPostprocessing = 0;
		};
		82F6AB66211A3DC300C55C3C /* Resources */ = {
			isa = PBXResourcesBuildPhase;
			buildActionMask = 2147483647;
			files = (
			);
			runOnlyForDeploymentPostprocessing = 0;
		};
/* End PBXResourcesBuildPhase section */

/* Begin PBXSourcesBuildPhase section */
		82F6AB45211A3DC200C55C3C /* Sources */ = {
			isa = PBXSourcesBuildPhase;
			buildActionMask = 2147483647;
			files = (
				82F6AB4F211A3DC200C55C3C /* ViewController.swift in Sources */,
				82F6AB4D211A3DC200C55C3C /* AppDelegate.swift in Sources */,
			);
			runOnlyForDeploymentPostprocessing = 0;
		};
		82F6AB59211A3DC300C55C3C /* Sources */ = {
			isa = PBXSourcesBuildPhase;
			buildActionMask = 2147483647;
			files = (
				82F6AB62211A3DC300C55C3C /* DeutscheVerbeniOSTests.swift in Sources */,
			);
			runOnlyForDeploymentPostprocessing = 0;
		};
		82F6AB64211A3DC300C55C3C /* Sources */ = {
			isa = PBXSourcesBuildPhase;
			buildActionMask = 2147483647;
			files = (
				82F6AB6D211A3DC300C55C3C /* DeutscheVerbeniOSUITests.swift in Sources */,
			);
			runOnlyForDeploymentPostprocessing = 0;
		};
/* End PBXSourcesBuildPhase section */

/* Begin PBXTargetDependency section */
		82F6AB5F211A3DC300C55C3C /* PBXTargetDependency */ = {
			isa = PBXTargetDependency;
			target = 82F6AB48211A3DC200C55C3C /* DeutscheVerbeniOS */;
			targetProxy = 82F6AB5E211A3DC300C55C3C /* PBXContainerItemProxy */;
		};
		82F6AB6A211A3DC300C55C3C /* PBXTargetDependency */ = {
			isa = PBXTargetDependency;
			target = 82F6AB48211A3DC200C55C3C /* DeutscheVerbeniOS */;
			targetProxy = 82F6AB69211A3DC300C55C3C /* PBXContainerItemProxy */;
		};
/* End PBXTargetDependency section */

/* Begin PBXVariantGroup section */
		82F6AB50211A3DC200C55C3C /* Main.storyboard */ = {
			isa = PBXVariantGroup;
			children = (
				82F6AB51211A3DC200C55C3C /* Base */,
			);
			name = Main.storyboard;
			sourceTree = "<group>";
		};
		82F6AB55211A3DC300C55C3C /* LaunchScreen.storyboard */ = {
			isa = PBXVariantGroup;
			children = (
				82F6AB56211A3DC300C55C3C /* Base */,
			);
			name = LaunchScreen.storyboard;
			sourceTree = "<group>";
		};
/* End PBXVariantGroup section */

/* Begin XCBuildConfiguration section */
		82F6AB6F211A3DC300C55C3C /* Debug */ = {
			isa = XCBuildConfiguration;
			buildSettings = {
				ALWAYS_SEARCH_USER_PATHS = NO;
				CLANG_ANALYZER_NONNULL = YES;
				CLANG_ANALYZER_NUMBER_OBJECT_CONVERSION = YES_AGGRESSIVE;
				CLANG_CXX_LANGUAGE_STANDARD = "gnu++14";
				CLANG_CXX_LIBRARY = "libc++";
				CLANG_ENABLE_MODULES = YES;
				CLANG_ENABLE_OBJC_ARC = YES;
				CLANG_ENABLE_OBJC_WEAK = YES;
				CLANG_WARN_BLOCK_CAPTURE_AUTORELEASING = YES;
				CLANG_WARN_BOOL_CONVERSION = YES;
				CLANG_WARN_COMMA = YES;
				CLANG_WARN_CONSTANT_CONVERSION = YES;
				CLANG_WARN_DEPRECATED_OBJC_IMPLEMENTATIONS = YES;
				CLANG_WARN_DIRECT_OBJC_ISA_USAGE = YES_ERROR;
				CLANG_WARN_DOCUMENTATION_COMMENTS = YES;
				CLANG_WARN_EMPTY_BODY = YES;
				CLANG_WARN_ENUM_CONVERSION = YES;
				CLANG_WARN_INFINITE_RECURSION = YES;
				CLANG_WARN_INT_CONVERSION = YES;
				CLANG_WARN_NON_LITERAL_NULL_CONVERSION = YES;
				CLANG_WARN_OBJC_IMPLICIT_RETAIN_SELF = YES;
				CLANG_WARN_OBJC_LITERAL_CONVERSION = YES;
				CLANG_WARN_OBJC_ROOT_CLASS = YES_ERROR;
				CLANG_WARN_RANGE_LOOP_ANALYSIS = YES;
				CLANG_WARN_STRICT_PROTOTYPES = YES;
				CLANG_WARN_SUSPICIOUS_MOVE = YES;
				CLANG_WARN_UNGUARDED_AVAILABILITY = YES_AGGRESSIVE;
				CLANG_WARN_UNREACHABLE_CODE = YES;
				CLANG_WARN__DUPLICATE_METHOD_MATCH = YES;
				CODE_SIGN_IDENTITY = "iPhone Developer";
				COPY_PHASE_STRIP = NO;
				DEBUG_INFORMATION_FORMAT = dwarf;
				ENABLE_STRICT_OBJC_MSGSEND = YES;
				ENABLE_TESTABILITY = YES;
				GCC_C_LANGUAGE_STANDARD = gnu11;
				GCC_DYNAMIC_NO_PIC = NO;
				GCC_NO_COMMON_BLOCKS = YES;
				GCC_OPTIMIZATION_LEVEL = 0;
				GCC_PREPROCESSOR_DEFINITIONS = (
					"DEBUG=1",
					"$(inherited)",
				);
				GCC_WARN_64_TO_32_BIT_CONVERSION = YES;
				GCC_WARN_ABOUT_RETURN_TYPE = YES_ERROR;
				GCC_WARN_UNDECLARED_SELECTOR = YES;
				GCC_WARN_UNINITIALIZED_AUTOS = YES_AGGRESSIVE;
				GCC_WARN_UNUSED_FUNCTION = YES;
				GCC_WARN_UNUSED_VARIABLE = YES;
				IPHONEOS_DEPLOYMENT_TARGET = 11.4;
				MTL_ENABLE_DEBUG_INFO = YES;
				ONLY_ACTIVE_ARCH = YES;
				SDKROOT = iphoneos;
				SWIFT_ACTIVE_COMPILATION_CONDITIONS = DEBUG;
				SWIFT_OPTIMIZATION_LEVEL = "-Onone";
			};
			name = Debug;
		};
		82F6AB70211A3DC300C55C3C /* Release */ = {
			isa = XCBuildConfiguration;
			buildSettings = {
				ALWAYS_SEARCH_USER_PATHS = NO;
				CLANG_ANALYZER_NONNULL = YES;
				CLANG_ANALYZER_NUMBER_OBJECT_CONVERSION = YES_AGGRESSIVE;
				CLANG_CXX_LANGUAGE_STANDARD = "gnu++14";
				CLANG_CXX_LIBRARY = "libc++";
				CLANG_ENABLE_MODULES = YES;
				CLANG_ENABLE_OBJC_ARC = YES;
				CLANG_ENABLE_OBJC_WEAK = YES;
				CLANG_WARN_BLOCK_CAPTURE_AUTORELEASING = YES;
				CLANG_WARN_BOOL_CONVERSION = YES;
				CLANG_WARN_COMMA = YES;
				CLANG_WARN_CONSTANT_CONVERSION = YES;
				CLANG_WARN_DEPRECATED_OBJC_IMPLEMENTATIONS = YES;
				CLANG_WARN_DIRECT_OBJC_ISA_USAGE = YES_ERROR;
				CLANG_WARN_DOCUMENTATION_COMMENTS = YES;
				CLANG_WARN_EMPTY_BODY = YES;
				CLANG_WARN_ENUM_CONVERSION = YES;
				CLANG_WARN_INFINITE_RECURSION = YES;
				CLANG_WARN_INT_CONVERSION = YES;
				CLANG_WARN_NON_LITERAL_NULL_CONVERSION = YES;
				CLANG_WARN_OBJC_IMPLICIT_RETAIN_SELF = YES;
				CLANG_WARN_OBJC_LITERAL_CONVERSION = YES;
				CLANG_WARN_OBJC_ROOT_CLASS = YES_ERROR;
				CLANG_WARN_RANGE_LOOP_ANALYSIS = YES;
				CLANG_WARN_STRICT_PROTOTYPES = YES;
				CLANG_WARN_SUSPICIOUS_MOVE = YES;
				CLANG_WARN_UNGUARDED_AVAILABILITY = YES_AGGRESSIVE;
				CLANG_WARN_UNREACHABLE_CODE = YES;
				CLANG_WARN__DUPLICATE_METHOD_MATCH = YES;
				CODE_SIGN_IDENTITY = "iPhone Developer";
				COPY_PHASE_STRIP = NO;
				DEBUG_INFORMATION_FORMAT = "dwarf-with-dsym";
				ENABLE_NS_ASSERTIONS = NO;
				ENABLE_STRICT_OBJC_MSGSEND = YES;
				GCC_C_LANGUAGE_STANDARD = gnu11;
				GCC_NO_COMMON_BLOCKS = YES;
				GCC_WARN_64_TO_32_BIT_CONVERSION = YES;
				GCC_WARN_ABOUT_RETURN_TYPE = YES_ERROR;
				GCC_WARN_UNDECLARED_SELECTOR = YES;
				GCC_WARN_UNINITIALIZED_AUTOS = YES_AGGRESSIVE;
				GCC_WARN_UNUSED_FUNCTION = YES;
				GCC_WARN_UNUSED_VARIABLE = YES;
				IPHONEOS_DEPLOYMENT_TARGET = 11.4;
				MTL_ENABLE_DEBUG_INFO = NO;
				SDKROOT = iphoneos;
				SWIFT_COMPILATION_MODE = wholemodule;
				SWIFT_OPTIMIZATION_LEVEL = "-O";
				VALIDATE_PRODUCT = YES;
			};
			name = Release;
		};
		82F6AB72211A3DC300C55C3C /* Debug */ = {
			isa = XCBuildConfiguration;
			buildSettings = {
				ASSETCATALOG_COMPILER_APPICON_NAME = AppIcon;
				CODE_SIGN_STYLE = Automatic;
				INFOPLIST_FILE = DeutscheVerbeniOS/Info.plist;
				LD_RUNPATH_SEARCH_PATHS = (
					"$(inherited)",
					"@executable_path/Frameworks",
				);
				PRODUCT_BUNDLE_IDENTIFIER = com.xengar.ios.deutscheverben;
				PRODUCT_NAME = "$(TARGET_NAME)";
				SWIFT_VERSION = 4.0;
				TARGETED_DEVICE_FAMILY = "1,2";
			};
			name = Debug;
		};
		82F6AB73211A3DC300C55C3C /* Release */ = {
			isa = XCBuildConfiguration;
			buildSettings = {
				ASSETCATALOG_COMPILER_APPICON_NAME = AppIcon;
				CODE_SIGN_STYLE = Automatic;
				INFOPLIST_FILE = DeutscheVerbeniOS/Info.plist;
				LD_RUNPATH_SEARCH_PATHS = (
					"$(inherited)",
					"@executable_path/Frameworks",
				);
				PRODUCT_BUNDLE_IDENTIFIER = com.xengar.ios.deutscheverben;
				PRODUCT_NAME = "$(TARGET_NAME)";
				SWIFT_VERSION = 4.0;
				TARGETED_DEVICE_FAMILY = "1,2";
			};
			name = Release;
		};
		82F6AB75211A3DC300C55C3C /* Debug */ = {
			isa = XCBuildConfiguration;
			buildSettings = {
				ALWAYS_EMBED_SWIFT_STANDARD_LIBRARIES = YES;
				BUNDLE_LOADER = "$(TEST_HOST)";
				CODE_SIGN_STYLE = Automatic;
				INFOPLIST_FILE = DeutscheVerbeniOSTests/Info.plist;
				LD_RUNPATH_SEARCH_PATHS = (
					"$(inherited)",
					"@executable_path/Frameworks",
					"@loader_path/Frameworks",
				);
				PRODUCT_BUNDLE_IDENTIFIER = com.xengar.ios.DeutscheVerbeniOSTests;
				PRODUCT_NAME = "$(TARGET_NAME)";
				SWIFT_VERSION = 4.0;
				TARGETED_DEVICE_FAMILY = "1,2";
				TEST_HOST = "$(BUILT_PRODUCTS_DIR)/DeutscheVerbeniOS.app/DeutscheVerbeniOS";
			};
			name = Debug;
		};
		82F6AB76211A3DC300C55C3C /* Release */ = {
			isa = XCBuildConfiguration;
			buildSettings = {
				ALWAYS_EMBED_SWIFT_STANDARD_LIBRARIES = YES;
				BUNDLE_LOADER = "$(TEST_HOST)";
				CODE_SIGN_STYLE = Automatic;
				INFOPLIST_FILE = DeutscheVerbeniOSTests/Info.plist;
				LD_RUNPATH_SEARCH_PATHS = (
					"$(inherited)",
					"@executable_path/Frameworks",
					"@loader_path/Frameworks",
				);
				PRODUCT_BUNDLE_IDENTIFIER = com.xengar.ios.DeutscheVerbeniOSTests;
				PRODUCT_NAME = "$(TARGET_NAME)";
				SWIFT_VERSION = 4.0;
				TARGETED_DEVICE_FAMILY = "1,2";
				TEST_HOST = "$(BUILT_PRODUCTS_DIR)/DeutscheVerbeniOS.app/DeutscheVerbeniOS";
			};
			name = Release;
		};
		82F6AB78211A3DC300C55C3C /* Debug */ = {
			isa = XCBuildConfiguration;
			buildSettings = {
				ALWAYS_EMBED_SWIFT_STANDARD_LIBRARIES = YES;
				CODE_SIGN_STYLE = Automatic;
				INFOPLIST_FILE = DeutscheVerbeniOSUITests/Info.plist;
				LD_RUNPATH_SEARCH_PATHS = (
					"$(inherited)",
					"@executable_path/Frameworks",
					"@loader_path/Frameworks",
				);
				PRODUCT_BUNDLE_IDENTIFIER = com.xengar.ios.DeutscheVerbeniOSUITests;
				PRODUCT_NAME = "$(TARGET_NAME)";
				SWIFT_VERSION = 4.0;
				TARGETED_DEVICE_FAMILY = "1,2";
				TEST_TARGET_NAME = DeutscheVerbeniOS;
			};
			name = Debug;
		};
		82F6AB79211A3DC300C55C3C /* Release */ = {
			isa = XCBuildConfiguration;
			buildSettings = {
				ALWAYS_EMBED_SWIFT_STANDARD_LIBRARIES = YES;
				CODE_SIGN_STYLE = Automatic;
				INFOPLIST_FILE = DeutscheVerbeniOSUITests/Info.plist;
				LD_RUNPATH_SEARCH_PATHS = (
					"$(inherited)",
					"@executable_path/Frameworks",
					"@loader_path/Frameworks",
				);
				PRODUCT_BUNDLE_IDENTIFIER = com.xengar.ios.DeutscheVerbeniOSUITests;
				PRODUCT_NAME = "$(TARGET_NAME)";
				SWIFT_VERSION = 4.0;
				TARGETED_DEVICE_FAMILY = "1,2";
				TEST_TARGET_NAME = DeutscheVerbeniOS;
			};
			name = Release;
		};
/* End XCBuildConfiguration section */

/* Begin XCConfigurationList section */
		82F6AB44211A3DC200C55C3C /* Build configuration list for PBXProject "DeutscheVerbeniOS" */ = {
			isa = XCConfigurationList;
			buildConfigurations = (
				82F6AB6F211A3DC300C55C3C /* Debug */,
				82F6AB70211A3DC300C55C3C /* Release */,
			);
			defaultConfigurationIsVisible = 0;
			defaultConfigurationName = Release;
		};
		82F6AB71211A3DC300C55C3C /* Build configuration list for PBXNativeTarget "DeutscheVerbeniOS" */ = {
			isa = XCConfigurationList;
			buildConfigurations = (
				82F6AB72211A3DC300C55C3C /* Debug */,
				82F6AB73211A3DC300C55C3C /* Release */,
			);
			defaultConfigurationIsVisible = 0;
			defaultConfigurationName = Release;
		};
		82F6AB74211A3DC300C55C3C /* Build configuration list for PBXNativeTarget "DeutscheVerbeniOSTests" */ = {
			isa = XCConfigurationList;
			buildConfigurations = (
				82F6AB75211A3DC300C55C3C /* Debug */,
				82F6AB76211A3DC300C55C3C /* Release */,
			);
			defaultConfigurationIsVisible = 0;
			defaultConfigurationName = Release;
		};
		82F6AB77211A3DC300C55C3C /* Build configuration list for PBXNativeTarget "DeutscheVerbeniOSUITests" */ = {
			isa = XCConfigurationList;
			buildConfigurations = (
				82F6AB78211A3DC300C55C3C /* Debug */,
				82F6AB79211A3DC300C55C3C /* Release */,
			);
			defaultConfigurationIsVisible = 0;
			defaultConfigurationName = Release;
		};
/* End XCConfigurationList section */
	};
	rootObject = 82F6AB41211A3DC200C55C3C /* Project object */;
}
